
Microsoft Visual Studio Solution File, Format Version 12.00
# Visual Studio Version 17
VisualStudioVersion = 17.2.32505.173
MinimumVisualStudioVersion = 10.0.40219.1
Project("{8BC9CEB8-8B4A-11D0-8D11-00A0C91BC942}") = "Which_Is_Less", "Which_Is_Less\Which_Is_Less.vcxproj", "{7053B8D9-8AAA-42CA-A5E0-DF47C390B25A}"
EndProject
Project("{8BC9CEB8-8B4A-11D0-8D11-00A0C91BC942}") = "Menu_Of_Animals", "Menu_Of_Animals\Menu_Of_Animals.vcxproj", "{F3EFA431-8FBB-4C20-8E95-694F9AF9D9BD}"
EndProject
Global
	GlobalSection(SolutionConfigurationPlatforms) = preSolution
		Debug|x64 = Debug|x64
		Debug|x86 = Debug|x86
		Release|x64 = Release|x64
		Release|x86 = Release|x86
	EndGlobalSection
	GlobalSection(ProjectConfigurationPlatforms) = postSolution
		{7053B8D9-8AAA-42CA-A5E0-DF47C390B25A}.Debug|x64.ActiveCfg = Debug|x64
		{7053B8D9-8AAA-42CA-A5E0-DF47C390B25A}.Debug|x64.Build.0 = Debug|x64
		{7053B8D9-8AAA-42CA-A5E0-DF47C390B25A}.Debug|x86.ActiveCfg = Debug|Win32
		{7053B8D9-8AAA-42CA-A5E0-DF47C390B25A}.Debug|x86.Build.0 = Debug|Win32
		{7053B8D9-8AAA-42CA-A5E0-DF47C390B25A}.Release|x64.ActiveCfg = Release|x64
		{7053B8D9-8AAA-42CA-A5E0-DF47C390B25A}.Release|x64.Build.0 = Release|x64
		{7053B8D9-8AAA-42CA-A5E0-DF47C390B25A}.Release|x86.ActiveCfg = Release|Win32
		{7053B8D9-8AAA-42CA-A5E0-DF47C390B25A}.Release|x86.Build.0 = Release|Win32
		{F3EFA431-8FBB-4C20-8E95-694F9AF9D9BD}.Debug|x64.ActiveCfg = Debug|x64
		{F3EFA431-8FBB-4C20-8E95-694F9AF9D9BD}.Debug|x64.Build.0 = Debug|x64
		{F3EFA431-8FBB-4C20-8E95-694F9AF9D9BD}.Debug|x86.ActiveCfg = Debug|Win32
		{F3EFA431-8FBB-4C20-8E95-694F9AF9D9BD}.Debug|x86.Build.0 = Debug|Win32
		{F3EFA431-8FBB-4C20-8E95-694F9AF9D9BD}.Release|x64.ActiveCfg = Release|x64
		{F3EFA431-8FBB-4C20-8E95-694F9AF9D9BD}.Release|x64.Build.0 = Release|x64
		{F3EFA431-8FBB-4C20-8E95-694F9AF9D9BD}.Release|x86.ActiveCfg = Release|Win32
		{F3EFA431-8FBB-4C20-8E95-694F9AF9D9BD}.Release|x86.Build.0 = Release|Win32
	EndGlobalSection
	GlobalSection(SolutionProperties) = preSolution
		HideSolutionNode = FALSE
	EndGlobalSection
	GlobalSection(ExtensibilityGlobals) = postSolution
		SolutionGuid = {03BF68CD-B152-4C66-A052-AD0FD7719466}
	EndGlobalSection
EndGlobal
